
Microsoft Visual Studio Solution File, Format Version 12.00
# Visual Studio Version 17
VisualStudioVersion = 17.13.35825.156 d17.13
MinimumVisualStudioVersion = 10.0.40219.1
Project("{FAE04EC0-301F-11D3-BF4B-00C04F79EFBC}") = "FlightManagementSystem", "FlightManagementSystem.csproj", "{B5358E21-D318-46C8-8CB9-8FB95696E5E7}"
EndProject
Global
	GlobalSection(SolutionConfigurationPlatforms) = preSolution
		Debug|Any CPU = Debug|Any CPU
		Release|Any CPU = Release|Any CPU
	EndGlobalSection
	GlobalSection(ProjectConfigurationPlatforms) = postSolution
		{B5358E21-D318-46C8-8CB9-8FB95696E5E7}.Debug|Any CPU.ActiveCfg = Debug|Any CPU
		{B5358E21-D318-46C8-8CB9-8FB95696E5E7}.Debug|Any CPU.Build.0 = Debug|Any CPU
		{B5358E21-D318-46C8-8CB9-8FB95696E5E7}.Release|Any CPU.ActiveCfg = Release|Any CPU
		{B5358E21-D318-46C8-8CB9-8FB95696E5E7}.Release|Any CPU.Build.0 = Release|Any CPU
	EndGlobalSection
	GlobalSection(SolutionProperties) = preSolution
		HideSolutionNode = FALSE
	EndGlobalSection
	GlobalSection(ExtensibilityGlobals) = postSolution
		SolutionGuid = {BD51D1D1-F952-4C61-A3B0-9634636DE36B}
	EndGlobalSection
EndGlobal
